
Microsoft Visual Studio Solution File, Format Version 12.00
# Visual Studio Version 16
VisualStudioVersion = 16.0.31911.196
MinimumVisualStudioVersion = 10.0.40219.1
Project("{2150E333-8FDC-42A3-9474-1A3956D46DE8}") = "Services", "Services", "{F6C1260B-26E4-4D6B-8E25-A975BA7411E5}"
EndProject
Project("{2150E333-8FDC-42A3-9474-1A3956D46DE8}") = "Catalog", "Catalog", "{6C8D3906-E561-4200-B136-312BA14BB8D9}"
EndProject
Project("{9A19103F-16F7-4668-BE54-9A1E7A4F7556}") = "Catalog.API", "Services\Catalog\Catalog.API\Catalog.API.csproj", "{46E1807D-9DE1-4B3E-B087-38F9E2059AAA}"
EndProject
Project("{E53339B2-1760-4266-BCC7-CA923CBCF16C}") = "docker-compose", "docker-compose.dcproj", "{D5E8C226-41B7-4BB2-A6D2-E842A673F179}"
EndProject
Project("{2150E333-8FDC-42A3-9474-1A3956D46DE8}") = "Basket", "Basket", "{B2D27E88-5E2D-4362-AFA5-072C92F65E2E}"
EndProject
Project("{9A19103F-16F7-4668-BE54-9A1E7A4F7556}") = "Basket.API", "Services\Basket\Basket.API\Basket.API.csproj", "{3C5CD8E0-FF51-4D94-9E5E-3B915126B2AC}"
EndProject
Project("{2150E333-8FDC-42A3-9474-1A3956D46DE8}") = "Discount", "Discount", "{E6854487-4616-4CEF-932A-9FD2DA51A642}"
EndProject
Project("{9A19103F-16F7-4668-BE54-9A1E7A4F7556}") = "Discount.API", "Services\Discount\Discount.API\Discount.API.csproj", "{9B82805A-D87F-403D-B6AF-7272D07C8771}"
EndProject
Project("{9A19103F-16F7-4668-BE54-9A1E7A4F7556}") = "Discount.Grpc", "Services\Discount\Discount.Grpc\Discount.Grpc.csproj", "{F0019769-6F2E-4DED-9036-1A1CF26E6FA5}"
EndProject
Project("{2150E333-8FDC-42A3-9474-1A3956D46DE8}") = "Ordering", "Ordering", "{4D249354-4EC5-4AB8-B0D6-11709DA643F6}"
EndProject
Project("{9A19103F-16F7-4668-BE54-9A1E7A4F7556}") = "Ordering.API", "Services\Ordering\Ordering.API\Ordering.API.csproj", "{621B1C3E-D084-4FA6-A748-0E13EED5D0D3}"
EndProject
Project("{9A19103F-16F7-4668-BE54-9A1E7A4F7556}") = "Ordering.Domain", "Services\Ordering\Ordering.Domain\Ordering.Domain.csproj", "{EFC49275-277F-47CB-AFBA-8B18B77F6DBB}"
EndProject
Project("{9A19103F-16F7-4668-BE54-9A1E7A4F7556}") = "Ordering.Application", "Services\Ordering\Ordering.Application\Ordering.Application.csproj", "{C3BBE3D7-BEA4-401B-99C0-DC99EFC656BD}"
EndProject
Project("{9A19103F-16F7-4668-BE54-9A1E7A4F7556}") = "Ordering.Infrastructure", "Services\Ordering\Ordering.Infrastructure\Ordering.Infrastructure.csproj", "{6171C45E-997F-48D0-AA84-B45A57E7BF5A}"
EndProject
Project("{2150E333-8FDC-42A3-9474-1A3956D46DE8}") = "BuildingBlocks", "BuildingBlocks", "{6E6F7BEB-EF70-4C7F-8C19-C049ED57497F}"
EndProject
Project("{9A19103F-16F7-4668-BE54-9A1E7A4F7556}") = "EventBus.Messages", "BuildingBlocks\EventBus.Messages\EventBus.Messages.csproj", "{703FE289-38FF-4905-AAB2-60F1FF55E609}"
EndProject
Project("{2150E333-8FDC-42A3-9474-1A3956D46DE8}") = "ApiGateways", "ApiGateways", "{D179676A-A522-42CB-8F3D-54AA706BE4FD}"
EndProject
Project("{9A19103F-16F7-4668-BE54-9A1E7A4F7556}") = "OcelotApiGw", "ApiGateways\OcelotApiGw\OcelotApiGw.csproj", "{645B5BC1-8202-4D24-8619-F872DDFCC13B}"
EndProject
Project("{9A19103F-16F7-4668-BE54-9A1E7A4F7556}") = "Shopping.Aggregator", "ApiGateways\Shopping.Aggregator\Shopping.Aggregator.csproj", "{BF2D5BDC-3D7B-4EB0-BDB3-CF9156413B7A}"
EndProject
Project("{2150E333-8FDC-42A3-9474-1A3956D46DE8}") = "WebApps", "WebApps", "{549501FB-CB97-414D-B75A-AFD584BC7F1F}"
EndProject
Project("{9A19103F-16F7-4668-BE54-9A1E7A4F7556}") = "AspnetRunBasics", "WebApps\AspnetRunBasics\AspnetRunBasics.csproj", "{D3D96A6D-3F10-4337-8A2F-F75B5677DF56}"
EndProject
Global
	GlobalSection(SolutionConfigurationPlatforms) = preSolution
		Debug|Any CPU = Debug|Any CPU
		Release|Any CPU = Release|Any CPU
	EndGlobalSection
	GlobalSection(ProjectConfigurationPlatforms) = postSolution
		{46E1807D-9DE1-4B3E-B087-38F9E2059AAA}.Debug|Any CPU.ActiveCfg = Debug|Any CPU
		{46E1807D-9DE1-4B3E-B087-38F9E2059AAA}.Debug|Any CPU.Build.0 = Debug|Any CPU
		{46E1807D-9DE1-4B3E-B087-38F9E2059AAA}.Release|Any CPU.ActiveCfg = Release|Any CPU
		{46E1807D-9DE1-4B3E-B087-38F9E2059AAA}.Release|Any CPU.Build.0 = Release|Any CPU
		{D5E8C226-41B7-4BB2-A6D2-E842A673F179}.Debug|Any CPU.ActiveCfg = Debug|Any CPU
		{D5E8C226-41B7-4BB2-A6D2-E842A673F179}.Debug|Any CPU.Build.0 = Debug|Any CPU
		{D5E8C226-41B7-4BB2-A6D2-E842A673F179}.Release|Any CPU.ActiveCfg = Release|Any CPU
		{D5E8C226-41B7-4BB2-A6D2-E842A673F179}.Release|Any CPU.Build.0 = Release|Any CPU
		{3C5CD8E0-FF51-4D94-9E5E-3B915126B2AC}.Debug|Any CPU.ActiveCfg = Debug|Any CPU
		{3C5CD8E0-FF51-4D94-9E5E-3B915126B2AC}.Debug|Any CPU.Build.0 = Debug|Any CPU
		{3C5CD8E0-FF51-4D94-9E5E-3B915126B2AC}.Release|Any CPU.ActiveCfg = Release|Any CPU
		{3C5CD8E0-FF51-4D94-9E5E-3B915126B2AC}.Release|Any CPU.Build.0 = Release|Any CPU
		{9B82805A-D87F-403D-B6AF-7272D07C8771}.Debug|Any CPU.ActiveCfg = Debug|Any CPU
		{9B82805A-D87F-403D-B6AF-7272D07C8771}.Debug|Any CPU.Build.0 = Debug|Any CPU
		{9B82805A-D87F-403D-B6AF-7272D07C8771}.Release|Any CPU.ActiveCfg = Release|Any CPU
		{9B82805A-D87F-403D-B6AF-7272D07C8771}.Release|Any CPU.Build.0 = Release|Any CPU
		{F0019769-6F2E-4DED-9036-1A1CF26E6FA5}.Debug|Any CPU.ActiveCfg = Debug|Any CPU
		{F0019769-6F2E-4DED-9036-1A1CF26E6FA5}.Debug|Any CPU.Build.0 = Debug|Any CPU
		{F0019769-6F2E-4DED-9036-1A1CF26E6FA5}.Release|Any CPU.ActiveCfg = Release|Any CPU
		{F0019769-6F2E-4DED-9036-1A1CF26E6FA5}.Release|Any CPU.Build.0 = Release|Any CPU
		{621B1C3E-D084-4FA6-A748-0E13EED5D0D3}.Debug|Any CPU.ActiveCfg = Debug|Any CPU
		{621B1C3E-D084-4FA6-A748-0E13EED5D0D3}.Debug|Any CPU.Build.0 = Debug|Any CPU
		{621B1C3E-D084-4FA6-A748-0E13EED5D0D3}.Release|Any CPU.ActiveCfg = Release|Any CPU
		{621B1C3E-D084-4FA6-A748-0E13EED5D0D3}.Release|Any CPU.Build.0 = Release|Any CPU
		{EFC49275-277F-47CB-AFBA-8B18B77F6DBB}.Debug|Any CPU.ActiveCfg = Debug|Any CPU
		{EFC49275-277F-47CB-AFBA-8B18B77F6DBB}.Debug|Any CPU.Build.0 = Debug|Any CPU
		{EFC49275-277F-47CB-AFBA-8B18B77F6DBB}.Release|Any CPU.ActiveCfg = Release|Any CPU
		{EFC49275-277F-47CB-AFBA-8B18B77F6DBB}.Release|Any CPU.Build.0 = Release|Any CPU
		{C3BBE3D7-BEA4-401B-99C0-DC99EFC656BD}.Debug|Any CPU.ActiveCfg = Debug|Any CPU
		{C3BBE3D7-BEA4-401B-99C0-DC99EFC656BD}.Debug|Any CPU.Build.0 = Debug|Any CPU
		{C3BBE3D7-BEA4-401B-99C0-DC99EFC656BD}.Release|Any CPU.ActiveCfg = Release|Any CPU
		{C3BBE3D7-BEA4-401B-99C0-DC99EFC656BD}.Release|Any CPU.Build.0 = Release|Any CPU
		{6171C45E-997F-48D0-AA84-B45A57E7BF5A}.Debug|Any CPU.ActiveCfg = Debug|Any CPU
		{6171C45E-997F-48D0-AA84-B45A57E7BF5A}.Debug|Any CPU.Build.0 = Debug|Any CPU
		{6171C45E-997F-48D0-AA84-B45A57E7BF5A}.Release|Any CPU.ActiveCfg = Release|Any CPU
		{6171C45E-997F-48D0-AA84-B45A57E7BF5A}.Release|Any CPU.Build.0 = Release|Any CPU
		{703FE289-38FF-4905-AAB2-60F1FF55E609}.Debug|Any CPU.ActiveCfg = Debug|Any CPU
		{703FE289-38FF-4905-AAB2-60F1FF55E609}.Debug|Any CPU.Build.0 = Debug|Any CPU
		{703FE289-38FF-4905-AAB2-60F1FF55E609}.Release|Any CPU.ActiveCfg = Release|Any CPU
		{703FE289-38FF-4905-AAB2-60F1FF55E609}.Release|Any CPU.Build.0 = Release|Any CPU
		{645B5BC1-8202-4D24-8619-F872DDFCC13B}.Debug|Any CPU.ActiveCfg = Debug|Any CPU
		{645B5BC1-8202-4D24-8619-F872DDFCC13B}.Debug|Any CPU.Build.0 = Debug|Any CPU
		{645B5BC1-8202-4D24-8619-F872DDFCC13B}.Release|Any CPU.ActiveCfg = Release|Any CPU
		{645B5BC1-8202-4D24-8619-F872DDFCC13B}.Release|Any CPU.Build.0 = Release|Any CPU
		{BF2D5BDC-3D7B-4EB0-BDB3-CF9156413B7A}.Debug|Any CPU.ActiveCfg = Debug|Any CPU
		{BF2D5BDC-3D7B-4EB0-BDB3-CF9156413B7A}.Debug|Any CPU.Build.0 = Debug|Any CPU
		{BF2D5BDC-3D7B-4EB0-BDB3-CF9156413B7A}.Release|Any CPU.ActiveCfg = Release|Any CPU
		{BF2D5BDC-3D7B-4EB0-BDB3-CF9156413B7A}.Release|Any CPU.Build.0 = Release|Any CPU
		{D3D96A6D-3F10-4337-8A2F-F75B5677DF56}.Debug|Any CPU.ActiveCfg = Debug|Any CPU
		{D3D96A6D-3F10-4337-8A2F-F75B5677DF56}.Debug|Any CPU.Build.0 = Debug|Any CPU
		{D3D96A6D-3F10-4337-8A2F-F75B5677DF56}.Release|Any CPU.ActiveCfg = Release|Any CPU
		{D3D96A6D-3F10-4337-8A2F-F75B5677DF56}.Release|Any CPU.Build.0 = Release|Any CPU
	EndGlobalSection
	GlobalSection(SolutionProperties) = preSolution
		HideSolutionNode = FALSE
	EndGlobalSection
	GlobalSection(NestedProjects) = preSolution
		{6C8D3906-E561-4200-B136-312BA14BB8D9} = {F6C1260B-26E4-4D6B-8E25-A975BA7411E5}
		{46E1807D-9DE1-4B3E-B087-38F9E2059AAA} = {6C8D3906-E561-4200-B136-312BA14BB8D9}
		{B2D27E88-5E2D-4362-AFA5-072C92F65E2E} = {F6C1260B-26E4-4D6B-8E25-A975BA7411E5}
		{3C5CD8E0-FF51-4D94-9E5E-3B915126B2AC} = {B2D27E88-5E2D-4362-AFA5-072C92F65E2E}
		{E6854487-4616-4CEF-932A-9FD2DA51A642} = {F6C1260B-26E4-4D6B-8E25-A975BA7411E5}
		{9B82805A-D87F-403D-B6AF-7272D07C8771} = {E6854487-4616-4CEF-932A-9FD2DA51A642}
		{F0019769-6F2E-4DED-9036-1A1CF26E6FA5} = {E6854487-4616-4CEF-932A-9FD2DA51A642}
		{4D249354-4EC5-4AB8-B0D6-11709DA643F6} = {F6C1260B-26E4-4D6B-8E25-A975BA7411E5}
		{621B1C3E-D084-4FA6-A748-0E13EED5D0D3} = {4D249354-4EC5-4AB8-B0D6-11709DA643F6}
		{EFC49275-277F-47CB-AFBA-8B18B77F6DBB} = {4D249354-4EC5-4AB8-B0D6-11709DA643F6}
		{C3BBE3D7-BEA4-401B-99C0-DC99EFC656BD} = {4D249354-4EC5-4AB8-B0D6-11709DA643F6}
		{6171C45E-997F-48D0-AA84-B45A57E7BF5A} = {4D249354-4EC5-4AB8-B0D6-11709DA643F6}
		{703FE289-38FF-4905-AAB2-60F1FF55E609} = {6E6F7BEB-EF70-4C7F-8C19-C049ED57497F}
		{645B5BC1-8202-4D24-8619-F872DDFCC13B} = {D179676A-A522-42CB-8F3D-54AA706BE4FD}
		{BF2D5BDC-3D7B-4EB0-BDB3-CF9156413B7A} = {D179676A-A522-42CB-8F3D-54AA706BE4FD}
		{D3D96A6D-3F10-4337-8A2F-F75B5677DF56} = {549501FB-CB97-414D-B75A-AFD584BC7F1F}
	EndGlobalSection
	GlobalSection(ExtensibilityGlobals) = postSolution
		SolutionGuid = {B83B796E-7BDA-4953-A7A7-287380C6ABCE}
	EndGlobalSection
EndGlobal
